
Microsoft Visual Studio Solution File, Format Version 12.00
# Visual Studio Version 17
VisualStudioVersion = 17.9.34616.47
MinimumVisualStudioVersion = 10.0.40219.1
Project("{9A19103F-16F7-4668-BE54-9A1E7A4F7556}") = "Singleton", "Singleton.csproj", "{184125F1-DAF1-4CDF-ABA3-A0037BF76809}"
EndProject
Global
	GlobalSection(SolutionConfigurationPlatforms) = preSolution
		Debug|Any CPU = Debug|Any CPU
		Release|Any CPU = Release|Any CPU
	EndGlobalSection
	GlobalSection(ProjectConfigurationPlatforms) = postSolution
		{184125F1-DAF1-4CDF-ABA3-A0037BF76809}.Debug|Any CPU.ActiveCfg = Debug|Any CPU
		{184125F1-DAF1-4CDF-ABA3-A0037BF76809}.Debug|Any CPU.Build.0 = Debug|Any CPU
		{184125F1-DAF1-4CDF-ABA3-A0037BF76809}.Release|Any CPU.ActiveCfg = Release|Any CPU
		{184125F1-DAF1-4CDF-ABA3-A0037BF76809}.Release|Any CPU.Build.0 = Release|Any CPU
	EndGlobalSection
	GlobalSection(SolutionProperties) = preSolution
		HideSolutionNode = FALSE
	EndGlobalSection
	GlobalSection(ExtensibilityGlobals) = postSolution
		SolutionGuid = {E266E6C7-F172-471A-857A-4107A6D767C2}
	EndGlobalSection
EndGlobal
